
Microsoft Visual Studio Solution File, Format Version 12.00
# Visual Studio Version 17
VisualStudioVersion = 17.7.34221.43
MinimumVisualStudioVersion = 10.0.40219.1
Project("{8BC9CEB8-8B4A-11D0-8D11-00A0C91BC942}") = "ray_tracing_in_one_weekend", "ray_tracing_in_one_weekend.vcxproj", "{1CC64BD6-C484-423B-9E69-0795371C46BA}"
EndProject
Global
	GlobalSection(SolutionConfigurationPlatforms) = preSolution
		Debug|x64 = Debug|x64
		Debug|x86 = Debug|x86
		Release|x64 = Release|x64
		Release|x86 = Release|x86
	EndGlobalSection
	GlobalSection(ProjectConfigurationPlatforms) = postSolution
		{1CC64BD6-C484-423B-9E69-0795371C46BA}.Debug|x64.ActiveCfg = Debug|x64
		{1CC64BD6-C484-423B-9E69-0795371C46BA}.Debug|x64.Build.0 = Debug|x64
		{1CC64BD6-C484-423B-9E69-0795371C46BA}.Debug|x86.ActiveCfg = Debug|Win32
		{1CC64BD6-C484-423B-9E69-0795371C46BA}.Debug|x86.Build.0 = Debug|Win32
		{1CC64BD6-C484-423B-9E69-0795371C46BA}.Release|x64.ActiveCfg = Release|x64
		{1CC64BD6-C484-423B-9E69-0795371C46BA}.Release|x64.Build.0 = Release|x64
		{1CC64BD6-C484-423B-9E69-0795371C46BA}.Release|x86.ActiveCfg = Release|Win32
		{1CC64BD6-C484-423B-9E69-0795371C46BA}.Release|x86.Build.0 = Release|Win32
	EndGlobalSection
	GlobalSection(SolutionProperties) = preSolution
		HideSolutionNode = FALSE
	EndGlobalSection
	GlobalSection(ExtensibilityGlobals) = postSolution
		SolutionGuid = {6FAB0A9D-CEFC-4C31-92B3-E92282DC9BC9}
	EndGlobalSection
EndGlobal
